
Microsoft Visual Studio Solution File, Format Version 12.00
# Visual Studio Version 16
VisualStudioVersion = 16.0.30711.63
MinimumVisualStudioVersion = 10.0.40219.1
Project("{9A19103F-16F7-4668-BE54-9A1E7A4F7556}") = "Api", "Api\Api.csproj", "{8CB26F24-AC4D-46BC-A6E1-38CD613C098D}"
EndProject
Project("{9A19103F-16F7-4668-BE54-9A1E7A4F7556}") = "Model", "Model\Model.csproj", "{2ABF9C3D-448F-4C1B-A788-D38D888EA9B8}"
EndProject
Project("{9A19103F-16F7-4668-BE54-9A1E7A4F7556}") = "Api.Tests", "Api.Tests\Api.Tests.csproj", "{66515227-0245-4A35-A231-3CDCCB9E9171}"
EndProject
Project("{FAE04EC0-301F-11D3-BF4B-00C04F79EFBC}") = "DocManOSDb", "DocManOSDb\DocManOSDb.csproj", "{DD715B61-0669-4EA4-8625-640AA7658AC7}"
EndProject
Global
	GlobalSection(SolutionConfigurationPlatforms) = preSolution
		Debug|Any CPU = Debug|Any CPU
		Release|Any CPU = Release|Any CPU
	EndGlobalSection
	GlobalSection(ProjectConfigurationPlatforms) = postSolution
		{8CB26F24-AC4D-46BC-A6E1-38CD613C098D}.Debug|Any CPU.ActiveCfg = Debug|Any CPU
		{8CB26F24-AC4D-46BC-A6E1-38CD613C098D}.Debug|Any CPU.Build.0 = Debug|Any CPU
		{8CB26F24-AC4D-46BC-A6E1-38CD613C098D}.Release|Any CPU.ActiveCfg = Release|Any CPU
		{8CB26F24-AC4D-46BC-A6E1-38CD613C098D}.Release|Any CPU.Build.0 = Release|Any CPU
		{2ABF9C3D-448F-4C1B-A788-D38D888EA9B8}.Debug|Any CPU.ActiveCfg = Debug|Any CPU
		{2ABF9C3D-448F-4C1B-A788-D38D888EA9B8}.Debug|Any CPU.Build.0 = Debug|Any CPU
		{2ABF9C3D-448F-4C1B-A788-D38D888EA9B8}.Release|Any CPU.ActiveCfg = Release|Any CPU
		{2ABF9C3D-448F-4C1B-A788-D38D888EA9B8}.Release|Any CPU.Build.0 = Release|Any CPU
		{66515227-0245-4A35-A231-3CDCCB9E9171}.Debug|Any CPU.ActiveCfg = Debug|Any CPU
		{66515227-0245-4A35-A231-3CDCCB9E9171}.Debug|Any CPU.Build.0 = Debug|Any CPU
		{66515227-0245-4A35-A231-3CDCCB9E9171}.Release|Any CPU.ActiveCfg = Release|Any CPU
		{66515227-0245-4A35-A231-3CDCCB9E9171}.Release|Any CPU.Build.0 = Release|Any CPU
		{DD715B61-0669-4EA4-8625-640AA7658AC7}.Debug|Any CPU.ActiveCfg = Debug|Any CPU
		{DD715B61-0669-4EA4-8625-640AA7658AC7}.Debug|Any CPU.Build.0 = Debug|Any CPU
		{DD715B61-0669-4EA4-8625-640AA7658AC7}.Release|Any CPU.ActiveCfg = Release|Any CPU
		{DD715B61-0669-4EA4-8625-640AA7658AC7}.Release|Any CPU.Build.0 = Release|Any CPU
	EndGlobalSection
	GlobalSection(SolutionProperties) = preSolution
		HideSolutionNode = FALSE
	EndGlobalSection
	GlobalSection(ExtensibilityGlobals) = postSolution
		SolutionGuid = {76E6E104-91D1-4BF5-B16B-153268DE02AF}
	EndGlobalSection
EndGlobal
